
Microsoft Visual Studio Solution File, Format Version 12.00
# Visual Studio Version 17
VisualStudioVersion = 17.7.34302.85
MinimumVisualStudioVersion = 10.0.40219.1
Project("{2150E333-8FDC-42A3-9474-1A3956D46DE8}") = "src", "src", "{31AEFEB0-189E-4869-A6EC-CEE717F0A386}"
EndProject
Project("{9A19103F-16F7-4668-BE54-9A1E7A4F7556}") = "Core", "src\Core\Core.csproj", "{C6EE3CBE-FEBD-440C-A5BD-5890DC538568}"
EndProject
Project("{9A19103F-16F7-4668-BE54-9A1E7A4F7556}") = "WebApi", "src\WebApi\WebApi.csproj", "{B0021C16-28AE-4B7D-A99A-10CE85D87A7F}"
EndProject
Project("{9A19103F-16F7-4668-BE54-9A1E7A4F7556}") = "Infrastructure", "src\Infrastructure\Infrastructure.csproj", "{87508828-5953-4334-BA87-C197E679016A}"
EndProject
Project("{2150E333-8FDC-42A3-9474-1A3956D46DE8}") = "tests", "tests", "{3C28515F-93A7-40FF-B9E6-0218CB3C4752}"
EndProject
Project("{9A19103F-16F7-4668-BE54-9A1E7A4F7556}") = "UnitTests", "tests\UnitTests\UnitTests.csproj", "{FB540079-D7E5-4BA3-95B1-726A31C451AD}"
EndProject
Project("{9A19103F-16F7-4668-BE54-9A1E7A4F7556}") = "FunctionalsTests", "tests\FunctionalsTests\FunctionalsTests.csproj", "{EBBC02FA-A60E-4C30-BB22-912AC0BD026E}"
EndProject
Project("{FAE04EC0-301F-11D3-BF4B-00C04F79EFBC}") = "IntegrationTests", "tests\IntegrationTests\IntegrationTests.csproj", "{5F202424-F4B6-48B3-A0F9-DFE7C0DC424B}"
EndProject
Global
	GlobalSection(SolutionConfigurationPlatforms) = preSolution
		Debug|Any CPU = Debug|Any CPU
		Release|Any CPU = Release|Any CPU
	EndGlobalSection
	GlobalSection(ProjectConfigurationPlatforms) = postSolution
		{C6EE3CBE-FEBD-440C-A5BD-5890DC538568}.Debug|Any CPU.ActiveCfg = Debug|Any CPU
		{C6EE3CBE-FEBD-440C-A5BD-5890DC538568}.Debug|Any CPU.Build.0 = Debug|Any CPU
		{C6EE3CBE-FEBD-440C-A5BD-5890DC538568}.Release|Any CPU.ActiveCfg = Release|Any CPU
		{C6EE3CBE-FEBD-440C-A5BD-5890DC538568}.Release|Any CPU.Build.0 = Release|Any CPU
		{B0021C16-28AE-4B7D-A99A-10CE85D87A7F}.Debug|Any CPU.ActiveCfg = Debug|Any CPU
		{B0021C16-28AE-4B7D-A99A-10CE85D87A7F}.Debug|Any CPU.Build.0 = Debug|Any CPU
		{B0021C16-28AE-4B7D-A99A-10CE85D87A7F}.Release|Any CPU.ActiveCfg = Release|Any CPU
		{B0021C16-28AE-4B7D-A99A-10CE85D87A7F}.Release|Any CPU.Build.0 = Release|Any CPU
		{87508828-5953-4334-BA87-C197E679016A}.Debug|Any CPU.ActiveCfg = Debug|Any CPU
		{87508828-5953-4334-BA87-C197E679016A}.Debug|Any CPU.Build.0 = Debug|Any CPU
		{87508828-5953-4334-BA87-C197E679016A}.Release|Any CPU.ActiveCfg = Release|Any CPU
		{87508828-5953-4334-BA87-C197E679016A}.Release|Any CPU.Build.0 = Release|Any CPU
		{FB540079-D7E5-4BA3-95B1-726A31C451AD}.Debug|Any CPU.ActiveCfg = Debug|Any CPU
		{FB540079-D7E5-4BA3-95B1-726A31C451AD}.Debug|Any CPU.Build.0 = Debug|Any CPU
		{FB540079-D7E5-4BA3-95B1-726A31C451AD}.Release|Any CPU.ActiveCfg = Release|Any CPU
		{FB540079-D7E5-4BA3-95B1-726A31C451AD}.Release|Any CPU.Build.0 = Release|Any CPU
		{EBBC02FA-A60E-4C30-BB22-912AC0BD026E}.Debug|Any CPU.ActiveCfg = Debug|Any CPU
		{EBBC02FA-A60E-4C30-BB22-912AC0BD026E}.Debug|Any CPU.Build.0 = Debug|Any CPU
		{EBBC02FA-A60E-4C30-BB22-912AC0BD026E}.Release|Any CPU.ActiveCfg = Release|Any CPU
		{EBBC02FA-A60E-4C30-BB22-912AC0BD026E}.Release|Any CPU.Build.0 = Release|Any CPU
		{5F202424-F4B6-48B3-A0F9-DFE7C0DC424B}.Debug|Any CPU.ActiveCfg = Debug|Any CPU
		{5F202424-F4B6-48B3-A0F9-DFE7C0DC424B}.Debug|Any CPU.Build.0 = Debug|Any CPU
		{5F202424-F4B6-48B3-A0F9-DFE7C0DC424B}.Release|Any CPU.ActiveCfg = Release|Any CPU
		{5F202424-F4B6-48B3-A0F9-DFE7C0DC424B}.Release|Any CPU.Build.0 = Release|Any CPU
	EndGlobalSection
	GlobalSection(SolutionProperties) = preSolution
		HideSolutionNode = FALSE
	EndGlobalSection
	GlobalSection(NestedProjects) = preSolution
		{C6EE3CBE-FEBD-440C-A5BD-5890DC538568} = {31AEFEB0-189E-4869-A6EC-CEE717F0A386}
		{B0021C16-28AE-4B7D-A99A-10CE85D87A7F} = {31AEFEB0-189E-4869-A6EC-CEE717F0A386}
		{87508828-5953-4334-BA87-C197E679016A} = {31AEFEB0-189E-4869-A6EC-CEE717F0A386}
		{FB540079-D7E5-4BA3-95B1-726A31C451AD} = {3C28515F-93A7-40FF-B9E6-0218CB3C4752}
		{EBBC02FA-A60E-4C30-BB22-912AC0BD026E} = {3C28515F-93A7-40FF-B9E6-0218CB3C4752}
		{5F202424-F4B6-48B3-A0F9-DFE7C0DC424B} = {3C28515F-93A7-40FF-B9E6-0218CB3C4752}
	EndGlobalSection
	GlobalSection(ExtensibilityGlobals) = postSolution
		SolutionGuid = {F58BAE1D-10A0-4D93-8DF0-A897873DB525}
	EndGlobalSection
EndGlobal
